# generated by rye
# use `rye lock` or `rye sync` to update this lockfile
#
# last locked with the following flags:
#   pre: false
#   features: []
#   all-features: true
#   with-sources: false

-e file:.
alembic==1.13.1
    # via pytest-alembic
    # via triangler-fastapi
annotated-types==0.6.0
    # via pydantic
anyio==4.3.0
    # via httpx
    # via starlette
    # via watchfiles
certifi==2024.2.2
    # via httpcore
    # via httpx
cffi==1.16.0
    # via cryptography
cfgv==3.4.0
    # via pre-commit
click==8.1.7
    # via uvicorn
colorama==0.4.6
    # via pytest-watch
cryptography==42.0.5
    # via python-jose
distlib==0.3.8
    # via virtualenv
docopt==0.6.2
    # via pytest-watch
ecdsa==0.18.0
    # via python-jose
execnet==2.0.2
    # via pytest-xdist
fastapi==0.110.0
    # via triangler-fastapi
filelock==3.13.1
    # via virtualenv
h11==0.14.0
    # via httpcore
    # via uvicorn
httpcore==1.0.4
    # via httpx
httptools==0.6.1
    # via uvicorn
httpx==0.27.0
identify==2.5.35
    # via pre-commit
idna==3.6
    # via anyio
    # via httpx
iniconfig==2.0.0
    # via pytest
loguru==0.7.2
    # via triangler-fastapi
mako==1.3.2
    # via alembic
markupsafe==2.1.5
    # via mako
nodeenv==1.8.0
    # via pre-commit
numpy==1.26.4
    # via scipy
packaging==24.0
    # via pytest
pillow==10.2.0
    # via qrcode
    # via triangler-fastapi
platformdirs==4.2.0
    # via virtualenv
pluggy==1.4.0
    # via pytest
pre-commit==3.6.2
pyasn1==0.5.1
    # via python-jose
    # via rsa
pycparser==2.21
    # via cffi
pydantic==2.6.4
    # via fastapi
    # via triangler-fastapi
pydantic-core==2.16.3
    # via pydantic
pypng==0.20220715.0
    # via qrcode
pytest==8.1.1
    # via pytest-alembic
    # via pytest-mock-resources
    # via pytest-watch
    # via pytest-xdist
pytest-alembic==0.11.0
pytest-mock-resources==2.10.1
pytest-watch==4.2.0
pytest-watcher==0.4.1
pytest-xdist==3.5.0
python-dotenv==1.0.1
    # via uvicorn
python-jose==3.3.0
    # via triangler-fastapi
pyyaml==6.0.1
    # via pre-commit
    # via uvicorn
qrcode==7.4.2
    # via triangler-fastapi
rsa==4.9
    # via python-jose
ruff==0.3.4
scipy==1.12.0
    # via triangler-fastapi
setuptools==69.2.0
    # via nodeenv
six==1.16.0
    # via ecdsa
sniffio==1.3.1
    # via anyio
    # via httpx
sqlalchemy==2.0.29
    # via alembic
    # via pytest-alembic
    # via pytest-mock-resources
    # via triangler-fastapi
starlette==0.36.3
    # via fastapi
typing-extensions==4.10.0
    # via alembic
    # via fastapi
    # via pydantic
    # via pydantic-core
    # via pytest-mock-resources
    # via qrcode
    # via sqlalchemy
uvicorn==0.29.0
    # via triangler-fastapi
uvloop==0.19.0
    # via uvicorn
virtualenv==20.25.1
    # via pre-commit
watchdog==4.0.0
    # via pytest-watch
    # via pytest-watcher
watchfiles==0.21.0
    # via uvicorn
websockets==12.0
    # via uvicorn
wheel==0.43.0
    # via triangler-fastapi
